# THIS IS AN AUTOGENERATED FILE. DO NOT EDIT THIS FILE DIRECTLY.
# yarn lockfile v1


"@types/node@^10.11.2":
  version "10.11.2"
  resolved "https://registry.yarnpkg.com/@types/node/-/node-10.11.2.tgz#59508b88ce90fe2742f7b8414c6f5db3e359570d"

typescript@^3.1.1:
  version "3.1.1"
  resolved "https://registry.yarnpkg.com/typescript/-/typescript-3.1.1.tgz#3362ba9dd1e482ebb2355b02dfe8bcd19a2c7c96"
